<?xml version="1.0" encoding="utf-8"?>
<Project ToolsVersion="4.0" xmlns="http://schemas.microsoft.com/developer/msbuild/2003">
  <ItemGroup>
    <Filter Include="Source Files">
      <UniqueIdentifier>{4FC737F1-C7A5-4376-A066-2A32D752A2FF}</UniqueIdentifier>
      <Extensions>cpp;c;cc;cxx;def;odl;idl;hpj;bat;asm;asmx</Extensions>
    </Filter>
    <Filter Include="Header Files">
      <UniqueIdentifier>{93995380-89BD-4b04-88EB-625FBE52EBFB}</UniqueIdentifier>
      <Extensions>h;hh;hpp;hxx;hm;inl;inc;xsd</Extensions>
    </Filter>
    <Filter Include="Resource Files">
      <UniqueIdentifier>{67DA6AB6-F800-4c08-8B7A-83BB121AAD01}</UniqueIdentifier>
      <Extensions>rc;ico;cur;bmp;dlg;rc2;rct;bin;rgs;gif;jpg;jpeg;jpe;resx;tiff;tif;png;wav;mfcribbon-ms</Extensions>
    </Filter>
    <Filter Include="Header Files\Public">
      <UniqueIdentifier>{b47de598-9ce1-4f88-84ca-1b912c0269c1}</UniqueIdentifier>
    </Filter>
    <Filter Include="Header Files\Internal">
      <UniqueIdentifier>{4ef9bcd4-d11c-4015-97b3-0d1258618099}</UniqueIdentifier>
    </Filter>
    <Filter Include="Header Files\Private">
      <UniqueIdentifier>{15f83222-a647-41ed-a215-24490c90543f}</UniqueIdentifier>
    </Filter>
    <Filter Include="Source Files\Public">
      <UniqueIdentifier>{d29dca61-389f-42ec-87ba-28568eef002d}</UniqueIdentifier>
    </Filter>
    <Filter Include="Source Files\Private">
      <UniqueIdentifier>{02d40305-8bfb-4167-b159-671ec25cc68b}</UniqueIdentifier>
    </Filter>
    <Filter Include="Source Files\Internal">
      <UniqueIdentifier>{108d53dc-4a3d-4e68-a5c9-0921f1da4471}</UniqueIdentifier>
    </Filter>
  </ItemGroup>
  <ItemGroup>
    <ClInclude Include="BACnetIP.h">
      <Filter>Header Files\Public</Filter>
    </ClInclude>
    <ClInclude Include="WinSockManager.h">
      <Filter>Header Files\Private</Filter>
    </ClInclude>
    <ClInclude Include="LocalSocket.h">
      <Filter>Header Files\Private</Filter>
    </ClInclude>
    <ClInclude Include="IPAddress.h">
      <Filter>Header Files\Internal</Filter>
    </ClInclude>
    <ClInclude Include="WideAreaSubnet.h">
      <Filter>Header Files\Private</Filter>
    </ClInclude>
    <ClInclude Include="BVLC.h">
      <Filter>Header Files\Internal</Filter>
    </ClInclude>
  </ItemGroup>
  <ItemGroup>
    <ClCompile Include="WinSockManager.cpp">
      <Filter>Source Files\Private</Filter>
    </ClCompile>
    <ClCompile Include="dllmain.cpp">
      <Filter>Source Files\Internal</Filter>
    </ClCompile>
    <ClCompile Include="IPAddress.cpp">
      <Filter>Source Files\Internal</Filter>
    </ClCompile>
    <ClCompile Include="LocalSocket.cpp">
      <Filter>Source Files\Private</Filter>
    </ClCompile>
    <ClCompile Include="BACnetIP.cpp">
      <Filter>Source Files\Public</Filter>
    </ClCompile>
    <ClCompile Include="WideAreaSubnet.cpp">
      <Filter>Source Files\Private</Filter>
    </ClCompile>
  </ItemGroup>
</Project>